# This file is automatically @generated by Poetry 1.8.3 and should not be changed by hand.

[[package]]
name = "bdfparser"
version = "2.2.0"
description = "BDF (Glyph Bitmap Distribution Format) Bitmap Font File Parser in Python"
optional = false
python-versions = ">=3.5"
files = [
    {file = "bdfparser-2.2.0-py3-none-any.whl", hash = "sha256:62ceed3b90b1fca050fcb414e70cc5b1f4551d57b088f9e7417678563eebf135"},
    {file = "bdfparser-2.2.0.tar.gz", hash = "sha256:75cebd7c2f1ed5e5d0985763b255726a9538c602c7c5ca8639707aec54a58683"},
]

[package.extras]
dev = ["check-manifest"]

[metadata]
lock-version = "2.0"
python-versions = ">=3.9"
content-hash = "58983d23815921afd999a17c571d72f81ceb3852413c0e7e5224edb0eb463cb9"
